{
    "name": "zen-docs",
    "lockfileVersion": 3,
    "requires": true,
    "packages": {
        "": {
            "name": "zen-docs",
            "dependencies": {
                "isbot": "^5",
                "react": "^19.3.0",
                "react-dom": "^19.3.0",
                "react-router": "^8.4.0",
                "sugar-high": "^2.5.0"
            },
            "devDependencies": {
                "@joshwooding/vite-plugin-react-docgen-typescript": "^0.7.0",
                "@react-router/dev": "^8.4.0",
                "@react-router/node": "^8.4.0",
                "@tailwindcss/vite": "^4.3.3",
                "@types/react": "^19.3.0",
                "@types/react-dom": "^19.3.0",
                "isbot": "^5.1.36",
                "tailwindcss": "^4.3.3",
                "typescript": "^6.0.3",
                "vite": "^8.3.1"
            }
        },
        "../node_modules/.pnpm/@joshwooding+vite-plugin-react-docgen-typescript@0.7.0_typescript@6.0.3_vite@8.3.1_esbuild@0.28.2_jiti@2.7.0_/node_modules/@joshwooding/vite-plugin-react-docgen-typescript": {
            "version": "0.7.0",
            "dev": true,
            "license": "MIT",
            "dependencies": {
                "glob": "^13.0.1",
                "react-docgen-typescript": "^2.2.2"
            },
            "peerDependencies": {
                "typescript": ">= 4.3.x",
                "vite": "^3.0.0 || ^4.0.0 || ^5.0.0 || ^6.0.0 || ^7.0.0 || ^8.0.0"
            },
            "peerDependenciesMeta": {
                "typescript": {
                    "optional": true
                }
            }
        },
        "../node_modules/.pnpm/@react-router+dev@8.4.0_react-router@8.4.0_react-dom@19.3.0_react@19.3.0__react@19.3.0__85bb8fc8e7ed647d0925bc45b1e66c64/node_modules/@react-router/dev": {
            "version": "8.4.0",
            "dev": true,
            "license": "MIT",
            "dependencies": {
                "@babel/core": "^7.29.7",
                "@babel/generator": "^7.29.7",
                "@babel/parser": "^7.29.7",
                "@babel/traverse": "^7.29.7",
                "@babel/types": "^7.29.7",
                "@react-router/node": "8.4.0",
                "@remix-run/node-fetch-server": "^0.14.1",
                "babel-dead-code-elimination": "^1.0.12",
                "chokidar": "^5.0.0",
                "dedent": "^1.7.2",
                "es-module-lexer": "^2.1.0",
                "exit-hook": "5.1.0",
                "isbot": "^5.1.40",
                "jsesc": "3.1.0",
                "lodash": "^4.18.1",
                "p-map": "^7.0.4",
                "pathe": "^2.0.3",
                "picocolors": "^1.1.1",
                "pkg-types": "^2.3.1",
                "react-refresh": "^0.18.0",
                "semver": "^7.8.1",
                "tinyglobby": "^0.2.16",
                "valibot": "^1.4.1"
            },
            "bin": {
                "react-router": "bin.cjs"
            },
            "devDependencies": {
                "@babel/plugin-syntax-jsx": "^7.29.7",
                "@babel/preset-typescript": "^7.29.7",
                "@react-router/serve": "8.4.0",
                "@types/babel__core": "^7.20.5",
                "@types/babel__generator": "^7.27.0",
                "@types/babel__traverse": "^7.28.0",
                "@types/dedent": "^0.7.0",
                "@types/jest": "^30.0.0",
                "@types/jsesc": "^3.0.1",
                "@types/lodash": "^4.17.24",
                "@types/node": "^22.19.19",
                "@types/npmcli__package-json": "^4.0.0",
                "@types/semver": "^7.7.1",
                "@vitejs/plugin-rsc": "~0.5.26",
                "esbuild-register": "^3.6.0",
                "execa": "9.6.1",
                "fast-glob": "3.3.3",
                "prettier": "^3.8.3",
                "react-router": "^8.4.0",
                "tsdown": "^0.22.0",
                "typescript": "^6.0.3",
                "vite": "^7.0.0",
                "wireit": "0.14.12",
                "wrangler": "^4.95.0"
            },
            "engines": {
                "node": ">=22.22.0"
            },
            "peerDependencies": {
                "@react-router/serve": "^8.4.0",
                "@vitejs/plugin-rsc": "~0.5.26",
                "react-router": "^8.4.0",
                "react-server-dom-webpack": "^19.2.7",
                "typescript": "^5.1.0 || ^6.0.0 || ^7.0.0",
                "vite": "^7.0.0 || ^8.0.0",
                "wrangler": "^4.0.0"
            },
            "peerDependenciesMeta": {
                "@react-router/serve": {
                    "optional": true
                },
                "@vitejs/plugin-rsc": {
                    "optional": true
                },
                "react-server-dom-webpack": {
                    "optional": true
                },
                "typescript": {
                    "optional": true
                },
                "wrangler": {
                    "optional": true
                }
            }
        },
        "../node_modules/.pnpm/@react-router+node@8.4.0_react-router@8.4.0_react-dom@19.3.0_react@19.3.0__react@19.3.0__typescript@6.0.3/node_modules/@react-router/node": {
            "version": "8.4.0",
            "dev": true,
            "license": "MIT",
            "dependencies": {
                "@remix-run/node-fetch-server": "^0.14.1"
            },
            "devDependencies": {
                "@types/node": "^22.19.19",
                "react-router": "8.4.0",
                "tsdown": "^0.22.0",
                "typescript": "^6.0.3",
                "wireit": "0.14.12"
            },
            "engines": {
                "node": ">=22.22.0"
            },
            "peerDependencies": {
                "react-router": "8.4.0",
                "typescript": "^5.1.0 || ^6.0.0 || ^7.0.0"
            },
            "peerDependenciesMeta": {
                "typescript": {
                    "optional": true
                }
            }
        },
        "../node_modules/.pnpm/@tailwindcss+vite@4.3.3_vite@8.3.1_esbuild@0.28.2_jiti@2.7.0_/node_modules/@tailwindcss/vite": {
            "version": "4.3.3",
            "dev": true,
            "license": "MIT",
            "dependencies": {
                "@tailwindcss/node": "4.3.3",
                "@tailwindcss/oxide": "4.3.3",
                "tailwindcss": "4.3.3"
            },
            "devDependencies": {
                "@types/node": "22.19.21",
                "vite": "^8.1.2"
            },
            "peerDependencies": {
                "vite": "^5.2.0 || ^6 || ^7 || ^8"
            }
        },
        "../node_modules/.pnpm/@types+react-dom@19.3.0_@types+react@19.3.0/node_modules/@types/react-dom": {
            "version": "19.3.0",
            "dev": true,
            "license": "MIT",
            "peerDependencies": {
                "@types/react": "^19.3.0"
            }
        },
        "../node_modules/.pnpm/@types+react@19.3.0/node_modules/@types/react": {
            "version": "19.3.0",
            "dev": true,
            "license": "MIT",
            "dependencies": {
                "csstype": "^3.2.2"
            }
        },
        "../node_modules/.pnpm/isbot@5.2.2/node_modules/isbot": {
            "version": "5.2.2",
            "dev": true,
            "license": "Unlicense",
            "devDependencies": {
                "@types/jest": "^30.0.0",
                "jest": "^30.0.2",
                "prettier": "^3.6.0",
                "pug": "^3.0.3",
                "stdline": "^2.1.0",
                "ts-jest": "^29.4.0",
                "tsup": "^8.5.1",
                "typescript": "^6.0.2",
                "user-agents": "^2.1.4",
                "yaml": "^2.8.0"
            },
            "engines": {
                "node": ">=18"
            }
        },
        "../node_modules/.pnpm/react-dom@19.3.0_react@19.3.0/node_modules/react-dom": {
            "version": "19.3.0",
            "license": "MIT",
            "dependencies": {
                "scheduler": "^0.28.0"
            },
            "peerDependencies": {
                "react": "^19.3.0"
            }
        },
        "../node_modules/.pnpm/react-router@8.4.0_react-dom@19.3.0_react@19.3.0__react@19.3.0/node_modules/react-router": {
            "version": "8.4.0",
            "license": "MIT",
            "dependencies": {
                "@remix-run/route-pattern": "^0.22.1",
                "cookie-es": "^3.1.1"
            },
            "devDependencies": {
                "@testing-library/jest-dom": "^6.9.1",
                "@testing-library/react": "^16.3.2",
                "@testing-library/user-event": "^14.6.1",
                "@types/node": "^22.19.19",
                "jest-environment-jsdom": "^30.4.1",
                "premove": "^4.0.0",
                "react": "^19.2.7",
                "react-dom": "^19.2.7",
                "react-test-renderer": "^19.2.7",
                "tsdown": "^0.22.0",
                "typescript": "^6.0.3",
                "undici": "^6.19.2",
                "wireit": "0.14.12"
            },
            "engines": {
                "node": ">=22.22.0"
            },
            "peerDependencies": {
                "react": ">=19.2.7",
                "react-dom": ">=19.2.7"
            },
            "peerDependenciesMeta": {
                "react-dom": {
                    "optional": true
                }
            }
        },
        "../node_modules/.pnpm/react@19.3.0/node_modules/react": {
            "version": "19.3.0",
            "license": "MIT",
            "engines": {
                "node": ">=0.10.0"
            }
        },
        "../node_modules/.pnpm/sugar-high@2.5.0/node_modules/sugar-high": {
            "version": "2.5.0",
            "license": "MIT",
            "devDependencies": {
                "@types/node": "22.12.0",
                "gpu-lexer": "0.0.2",
                "typescript": "6.0.2",
                "vitest": "^3.0.2"
            },
            "peerDependencies": {
                "gpu-lexer": ">=0.0.2"
            },
            "peerDependenciesMeta": {
                "gpu-lexer": {
                    "optional": true
                }
            }
        },
        "../node_modules/.pnpm/tailwindcss@4.3.3/node_modules/tailwindcss": {
            "version": "4.3.3",
            "dev": true,
            "license": "MIT",
            "devDependencies": {
                "@jridgewell/remapping": "^2.3.5",
                "@tailwindcss/oxide": "^4.3.3",
                "@types/node": "22.19.21",
                "dedent": "1.7.2",
                "lightningcss": "1.32.0",
                "magic-string": "^0.30.21",
                "source-map-js": "^1.2.1"
            }
        },
        "../node_modules/.pnpm/typescript@6.0.3/node_modules/typescript": {
            "version": "6.0.3",
            "dev": true,
            "license": "Apache-2.0",
            "bin": {
                "tsc": "bin/tsc",
                "tsserver": "bin/tsserver"
            },
            "devDependencies": {
                "@dprint/formatter": "^0.4.1",
                "@dprint/typescript": "0.93.4",
                "@esfx/canceltoken": "^1.0.0",
                "@eslint/js": "^10.0.1",
                "@octokit/rest": "^22.0.1",
                "@types/chai": "^4.3.20",
                "@types/minimist": "^1.2.5",
                "@types/mocha": "^10.0.10",
                "@types/ms": "^2.1.0",
                "@types/node": "latest",
                "@types/source-map-support": "^0.5.10",
                "@types/which": "^3.0.4",
                "@typescript-eslint/rule-tester": "^8.56.1",
                "@typescript-eslint/type-utils": "^8.56.1",
                "@typescript-eslint/utils": "^8.56.1",
                "azure-devops-node-api": "^15.1.3",
                "c8": "^10.1.3",
                "chai": "^4.5.0",
                "chokidar": "^4.0.3",
                "diff": "^8.0.3",
                "dprint": "^0.49.1",
                "esbuild": "^0.27.3",
                "eslint": "^10.0.2",
                "eslint-plugin-regexp": "^3.0.0",
                "fast-xml-parser": "^5.4.1",
                "glob": "^10.5.0",
                "globals": "^17.4.0",
                "hereby": "^1.12.0",
                "jsonc-parser": "^3.3.1",
                "knip": "^5.85.0",
                "minimist": "^1.2.8",
                "mocha": "^10.8.2",
                "mocha-fivemat-progress-reporter": "^0.1.0",
                "monocart-coverage-reports": "^2.12.9",
                "ms": "^2.1.3",
                "picocolors": "^1.1.1",
                "playwright": "^1.58.2",
                "source-map-support": "^0.5.21",
                "tslib": "^2.8.1",
                "typescript": "^5.9.3",
                "typescript-eslint": "^8.56.1",
                "which": "^3.0.1"
            },
            "engines": {
                "node": ">=14.17"
            }
        },
        "../node_modules/.pnpm/vite@8.3.1_esbuild@0.28.2_jiti@2.7.0/node_modules/vite": {
            "version": "8.3.1",
            "dev": true,
            "license": "MIT",
            "dependencies": {
                "lightningcss": "^1.33.0",
                "picomatch": "^4.0.7",
                "postcss": "^8.5.28",
                "rolldown": "~1.2.9",
                "tinyglobby": "^0.2.17"
            },
            "bin": {
                "vite": "bin/vite.js"
            },
            "devDependencies": {
                "@babel/parser": "^7.29.9",
                "@jridgewell/remapping": "^2.3.5",
                "@jridgewell/trace-mapping": "^0.3.31",
                "@polka/compression": "^1.0.0-next.25",
                "@rollup/plugin-alias": "^6.0.0",
                "@rollup/plugin-dynamic-import-vars": "2.1.4",
                "@rollup/pluginutils": "^5.4.0",
                "@types/escape-html": "^1.0.4",
                "@types/pnpapi": "^0.0.5",
                "@vercel/detect-agent": "^1.2.5",
                "@vitejs/devtools": "^0.7.5",
                "@vitest/utils": "4.1.11",
                "@voidzero-dev/vite-task-client": "^0.2.0",
                "artichokie": "^0.4.5",
                "baseline-browser-mapping": "^2.11.25",
                "cac": "^7.0.0",
                "chokidar": "^3.6.0",
                "connect": "^3.7.0",
                "convert-source-map": "^2.0.0",
                "cors": "^2.8.6",
                "cross-spawn": "^7.0.6",
                "dotenv-expand": "^13.0.0",
                "es-module-lexer": "^2.3.2",
                "esbuild": "^0.28.2",
                "escape-html": "^1.0.3",
                "estree-walker": "^3.0.3",
                "etag": "^1.8.1",
                "fresh-import": "^0.2.1",
                "host-validation-middleware": "^0.1.4",
                "http-proxy-3": "^1.23.3",
                "launch-editor-middleware": "^2.14.1",
                "magic-string": "^1.4.1",
                "mlly": "^1.8.2",
                "mrmime": "^2.0.1",
                "nanoid": "^5.1.16",
                "obug": "^1.0.2",
                "open": "^10.2.0",
                "parse5": "^8.0.1",
                "pathe": "^2.0.3",
                "periscopic": "^4.0.3",
                "picocolors": "^1.1.1",
                "postcss-import": "^16.2.0",
                "postcss-load-config": "^6.0.1",
                "postcss-modules": "^9.0.1",
                "premove": "^4.0.0",
                "resolve.exports": "^2.0.3",
                "rolldown-plugin-dts": "^0.28.6",
                "rollup": "^4.59.0",
                "rollup-plugin-license": "^3.7.1",
                "sass": "^1.105.0",
                "sass-embedded": "^1.105.0",
                "sirv": "^3.0.2",
                "strip-literal": "^4.0.0",
                "terser": "^5.51.2",
                "ufo": "^1.6.4",
                "ws": "^8.21.3"
            },
            "engines": {
                "node": "^20.19.0 || >=22.12.0"
            },
            "funding": {
                "url": "https://github.com/vitejs/vite?sponsor=1"
            },
            "optionalDependencies": {
                "fsevents": "~2.3.3"
            },
            "peerDependencies": {
                "@types/node": "^20.19.0 || >=22.12.0",
                "@vitejs/devtools": "^0.7.1",
                "esbuild": "^0.27.0 || ^0.28.0",
                "jiti": ">=1.21.0",
                "less": "^4.0.0",
                "sass": "^1.70.0",
                "sass-embedded": "^1.70.0",
                "stylus": ">=0.54.8",
                "sugarss": "^5.0.0",
                "terser": "^5.16.0",
                "tsx": "^4.8.1",
                "yaml": "^2.4.2"
            },
            "peerDependenciesMeta": {
                "@types/node": {
                    "optional": true
                },
                "@vitejs/devtools": {
                    "optional": true
                },
                "esbuild": {
                    "optional": true
                },
                "jiti": {
                    "optional": true
                },
                "less": {
                    "optional": true
                },
                "sass": {
                    "optional": true
                },
                "sass-embedded": {
                    "optional": true
                },
                "stylus": {
                    "optional": true
                },
                "sugarss": {
                    "optional": true
                },
                "terser": {
                    "optional": true
                },
                "tsx": {
                    "optional": true
                },
                "yaml": {
                    "optional": true
                }
            }
        },
        "node_modules/@joshwooding/vite-plugin-react-docgen-typescript": {
            "resolved": "../node_modules/.pnpm/@joshwooding+vite-plugin-react-docgen-typescript@0.7.0_typescript@6.0.3_vite@8.3.1_esbuild@0.28.2_jiti@2.7.0_/node_modules/@joshwooding/vite-plugin-react-docgen-typescript",
            "link": true
        },
        "node_modules/@react-router/dev": {
            "resolved": "../node_modules/.pnpm/@react-router+dev@8.4.0_react-router@8.4.0_react-dom@19.3.0_react@19.3.0__react@19.3.0__85bb8fc8e7ed647d0925bc45b1e66c64/node_modules/@react-router/dev",
            "link": true
        },
        "node_modules/@react-router/node": {
            "resolved": "../node_modules/.pnpm/@react-router+node@8.4.0_react-router@8.4.0_react-dom@19.3.0_react@19.3.0__react@19.3.0__typescript@6.0.3/node_modules/@react-router/node",
            "link": true
        },
        "node_modules/@tailwindcss/vite": {
            "resolved": "../node_modules/.pnpm/@tailwindcss+vite@4.3.3_vite@8.3.1_esbuild@0.28.2_jiti@2.7.0_/node_modules/@tailwindcss/vite",
            "link": true
        },
        "node_modules/@types/react": {
            "resolved": "../node_modules/.pnpm/@types+react@19.3.0/node_modules/@types/react",
            "link": true
        },
        "node_modules/@types/react-dom": {
            "resolved": "../node_modules/.pnpm/@types+react-dom@19.3.0_@types+react@19.3.0/node_modules/@types/react-dom",
            "link": true
        },
        "node_modules/isbot": {
            "resolved": "../node_modules/.pnpm/isbot@5.2.2/node_modules/isbot",
            "link": true
        },
        "node_modules/react": {
            "resolved": "../node_modules/.pnpm/react@19.3.0/node_modules/react",
            "link": true
        },
        "node_modules/react-dom": {
            "resolved": "../node_modules/.pnpm/react-dom@19.3.0_react@19.3.0/node_modules/react-dom",
            "link": true
        },
        "node_modules/react-router": {
            "resolved": "../node_modules/.pnpm/react-router@8.4.0_react-dom@19.3.0_react@19.3.0__react@19.3.0/node_modules/react-router",
            "link": true
        },
        "node_modules/sugar-high": {
            "resolved": "../node_modules/.pnpm/sugar-high@2.5.0/node_modules/sugar-high",
            "link": true
        },
        "node_modules/tailwindcss": {
            "resolved": "../node_modules/.pnpm/tailwindcss@4.3.3/node_modules/tailwindcss",
            "link": true
        },
        "node_modules/typescript": {
            "resolved": "../node_modules/.pnpm/typescript@6.0.3/node_modules/typescript",
            "link": true
        },
        "node_modules/vite": {
            "resolved": "../node_modules/.pnpm/vite@8.3.1_esbuild@0.28.2_jiti@2.7.0/node_modules/vite",
            "link": true
        }
    }
}
